
Microsoft Visual Studio Solution File, Format Version 12.00
# Visual Studio Version 17
VisualStudioVersion = 17.7.34031.279
MinimumVisualStudioVersion = 10.0.40219.1
Project("{FAE04EC0-301F-11D3-BF4B-00C04F79EFBC}") = "Hallodocweb", "Hallodocweb\Hallodocweb.csproj", "{C9C9DE7E-B46C-4DCD-8684-96AE11BD340C}"
	ProjectSection(ProjectDependencies) = postProject
		{35AFE920-698E-4AFD-AE5F-8E71BE317640} = {35AFE920-698E-4AFD-AE5F-8E71BE317640}
		{654566C5-2F29-43AF-A263-D18F7EA91268} = {654566C5-2F29-43AF-A263-D18F7EA91268}
	EndProjectSection
EndProject
Project("{FAE04EC0-301F-11D3-BF4B-00C04F79EFBC}") = "BusinessLogic", "BusinessLogic\BusinessLogic.csproj", "{654566C5-2F29-43AF-A263-D18F7EA91268}"
EndProject
Project("{FAE04EC0-301F-11D3-BF4B-00C04F79EFBC}") = "DataAccess", "DataAccess\DataAccess.csproj", "{35AFE920-698E-4AFD-AE5F-8E71BE317640}"
EndProject
Global
	GlobalSection(SolutionConfigurationPlatforms) = preSolution
		Debug|Any CPU = Debug|Any CPU
		Release|Any CPU = Release|Any CPU
	EndGlobalSection
	GlobalSection(ProjectConfigurationPlatforms) = postSolution
		{C9C9DE7E-B46C-4DCD-8684-96AE11BD340C}.Debug|Any CPU.ActiveCfg = Debug|Any CPU
		{C9C9DE7E-B46C-4DCD-8684-96AE11BD340C}.Debug|Any CPU.Build.0 = Debug|Any CPU
		{C9C9DE7E-B46C-4DCD-8684-96AE11BD340C}.Release|Any CPU.ActiveCfg = Release|Any CPU
		{C9C9DE7E-B46C-4DCD-8684-96AE11BD340C}.Release|Any CPU.Build.0 = Release|Any CPU
		{654566C5-2F29-43AF-A263-D18F7EA91268}.Debug|Any CPU.ActiveCfg = Debug|Any CPU
		{654566C5-2F29-43AF-A263-D18F7EA91268}.Debug|Any CPU.Build.0 = Debug|Any CPU
		{654566C5-2F29-43AF-A263-D18F7EA91268}.Release|Any CPU.ActiveCfg = Release|Any CPU
		{654566C5-2F29-43AF-A263-D18F7EA91268}.Release|Any CPU.Build.0 = Release|Any CPU
		{35AFE920-698E-4AFD-AE5F-8E71BE317640}.Debug|Any CPU.ActiveCfg = Debug|Any CPU
		{35AFE920-698E-4AFD-AE5F-8E71BE317640}.Debug|Any CPU.Build.0 = Debug|Any CPU
		{35AFE920-698E-4AFD-AE5F-8E71BE317640}.Release|Any CPU.ActiveCfg = Release|Any CPU
		{35AFE920-698E-4AFD-AE5F-8E71BE317640}.Release|Any CPU.Build.0 = Release|Any CPU
	EndGlobalSection
	GlobalSection(SolutionProperties) = preSolution
		HideSolutionNode = FALSE
	EndGlobalSection
	GlobalSection(ExtensibilityGlobals) = postSolution
		SolutionGuid = {46A2ED0B-071D-4D5F-9001-F098940C1F6F}
	EndGlobalSection
EndGlobal
